
Microsoft Visual Studio Solution File, Format Version 12.00
# Visual Studio Version 17
VisualStudioVersion = 17.5.33424.131
MinimumVisualStudioVersion = 10.0.40219.1
Project("{8BC9CEB8-8B4A-11D0-8D11-00A0C91BC942}") = "Projects", "Projects.vcxproj", "{42AB2592-3316-448B-B922-2F14A2C8DF8B}"
EndProject
Global
	GlobalSection(SolutionConfigurationPlatforms) = preSolution
		Debug|x64 = Debug|x64
		Debug|x86 = Debug|x86
		Release|x64 = Release|x64
		Release|x86 = Release|x86
	EndGlobalSection
	GlobalSection(ProjectConfigurationPlatforms) = postSolution
		{42AB2592-3316-448B-B922-2F14A2C8DF8B}.Debug|x64.ActiveCfg = Debug|x64
		{42AB2592-3316-448B-B922-2F14A2C8DF8B}.Debug|x64.Build.0 = Debug|x64
		{42AB2592-3316-448B-B922-2F14A2C8DF8B}.Debug|x86.ActiveCfg = Debug|Win32
		{42AB2592-3316-448B-B922-2F14A2C8DF8B}.Debug|x86.Build.0 = Debug|Win32
		{42AB2592-3316-448B-B922-2F14A2C8DF8B}.Release|x64.ActiveCfg = Release|x64
		{42AB2592-3316-448B-B922-2F14A2C8DF8B}.Release|x64.Build.0 = Release|x64
		{42AB2592-3316-448B-B922-2F14A2C8DF8B}.Release|x86.ActiveCfg = Release|Win32
		{42AB2592-3316-448B-B922-2F14A2C8DF8B}.Release|x86.Build.0 = Release|Win32
	EndGlobalSection
	GlobalSection(SolutionProperties) = preSolution
		HideSolutionNode = FALSE
	EndGlobalSection
	GlobalSection(ExtensibilityGlobals) = postSolution
		SolutionGuid = {26D0B229-A8D7-4DB3-A67A-7E35DA9E31CE}
	EndGlobalSection
EndGlobal
